// !$*UTF8*$!
{
	archiveVersion = 1;
	classes = {
	};
	objectVersion = 56;
	objects = {

/* Begin PBXBuildFile section */
		156FBF6529D715E3001E81DA /* ReminderService.swift in Sources */ = {isa = PBXBuildFile; fileRef = 156FBF6429D715E3001E81DA /* ReminderService.swift */; };
		156FBF6829D71700001E81DA /* UIColorTransformer.swift in Sources */ = {isa = PBXBuildFile; fileRef = 156FBF6729D71700001E81DA /* UIColorTransformer.swift */; };
		156FBF6A29D71F43001E81DA /* MyListView.swift in Sources */ = {isa = PBXBuildFile; fileRef = 156FBF6929D71F43001E81DA /* MyListView.swift */; };
		156FBF6C29D72030001E81DA /* MyListCellView.swift in Sources */ = {isa = PBXBuildFile; fileRef = 156FBF6B29D72030001E81DA /* MyListCellView.swift */; };
		156FBF6E29D72061001E81DA /* PreviewData.swift in Sources */ = {isa = PBXBuildFile; fileRef = 156FBF6D29D72061001E81DA /* PreviewData.swift */; };
		158A3ECC29D6F310002324A4 /* ReminderApp.swift in Sources */ = {isa = PBXBuildFile; fileRef = 158A3ECB29D6F310002324A4 /* ReminderApp.swift */; };
		158A3ECE29D6F310002324A4 /* HomeView.swift in Sources */ = {isa = PBXBuildFile; fileRef = 158A3ECD29D6F310002324A4 /* HomeView.swift */; };
		158A3ED029D6F312002324A4 /* Assets.xcassets in Resources */ = {isa = PBXBuildFile; fileRef = 158A3ECF29D6F312002324A4 /* Assets.xcassets */; };
		158A3ED329D6F312002324A4 /* Preview Assets.xcassets in Resources */ = {isa = PBXBuildFile; fileRef = 158A3ED229D6F312002324A4 /* Preview Assets.xcassets */; };
		158A3EDB29D6F342002324A4 /* CoreDataProvide.swift in Sources */ = {isa = PBXBuildFile; fileRef = 158A3EDA29D6F342002324A4 /* CoreDataProvide.swift */; };
		158A3EDE29D6F44A002324A4 /* RemindersModel.xcdatamodeld in Sources */ = {isa = PBXBuildFile; fileRef = 158A3EDC29D6F44A002324A4 /* RemindersModel.xcdatamodeld */; };
		158A3EE129D7046B002324A4 /* MyList+CoreDataClass.swift in Sources */ = {isa = PBXBuildFile; fileRef = 158A3EE029D7046B002324A4 /* MyList+CoreDataClass.swift */; };
		158A3EE329D7047D002324A4 /* MyList+CoreDataProperties.swift in Sources */ = {isa = PBXBuildFile; fileRef = 158A3EE229D7047D002324A4 /* MyList+CoreDataProperties.swift */; };
		158A3EE629D705C6002324A4 /* AddNewListView.swift in Sources */ = {isa = PBXBuildFile; fileRef = 158A3EE529D705C6002324A4 /* AddNewListView.swift */; };
		158A3EE829D70745002324A4 /* ColorPickerView.swift in Sources */ = {isa = PBXBuildFile; fileRef = 158A3EE729D70745002324A4 /* ColorPickerView.swift */; };
/* End PBXBuildFile section */

/* Begin PBXFileReference section */
		156FBF6429D715E3001E81DA /* ReminderService.swift */ = {isa = PBXFileReference; lastKnownFileType = sourcecode.swift; path = ReminderService.swift; sourceTree = "<group>"; };
		156FBF6729D71700001E81DA /* UIColorTransformer.swift */ = {isa = PBXFileReference; lastKnownFileType = sourcecode.swift; path = UIColorTransformer.swift; sourceTree = "<group>"; };
		156FBF6929D71F43001E81DA /* MyListView.swift */ = {isa = PBXFileReference; lastKnownFileType = sourcecode.swift; path = MyListView.swift; sourceTree = "<group>"; };
		156FBF6B29D72030001E81DA /* MyListCellView.swift */ = {isa = PBXFileReference; lastKnownFileType = sourcecode.swift; path = MyListCellView.swift; sourceTree = "<group>"; };
		156FBF6D29D72061001E81DA /* PreviewData.swift */ = {isa = PBXFileReference; lastKnownFileType = sourcecode.swift; path = PreviewData.swift; sourceTree = "<group>"; };
		158A3EC829D6F310002324A4 /* Reminder.app */ = {isa = PBXFileReference; explicitFileType = wrapper.application; includeInIndex = 0; path = Reminder.app; sourceTree = BUILT_PRODUCTS_DIR; };
		158A3ECB29D6F310002324A4 /* ReminderApp.swift */ = {isa = PBXFileReference; lastKnownFileType = sourcecode.swift; path = ReminderApp.swift; sourceTree = "<group>"; };
		158A3ECD29D6F310002324A4 /* HomeView.swift */ = {isa = PBXFileReference; lastKnownFileType = sourcecode.swift; path = HomeView.swift; sourceTree = "<group>"; };
		158A3ECF29D6F312002324A4 /* Assets.xcassets */ = {isa = PBXFileReference; lastKnownFileType = folder.assetcatalog; path = Assets.xcassets; sourceTree = "<group>"; };
		158A3ED229D6F312002324A4 /* Preview Assets.xcassets */ = {isa = PBXFileReference; lastKnownFileType = folder.assetcatalog; path = "Preview Assets.xcassets"; sourceTree = "<group>"; };
		158A3EDA29D6F342002324A4 /* CoreDataProvide.swift */ = {isa = PBXFileReference; lastKnownFileType = sourcecode.swift; path = CoreDataProvide.swift; sourceTree = "<group>"; };
		158A3EDD29D6F44A002324A4 /* RemindersModel.xcdatamodel */ = {isa = PBXFileReference; lastKnownFileType = wrapper.xcdatamodel; path = RemindersModel.xcdatamodel; sourceTree = "<group>"; };
		158A3EE029D7046B002324A4 /* MyList+CoreDataClass.swift */ = {isa = PBXFileReference; lastKnownFileType = sourcecode.swift; path = "MyList+CoreDataClass.swift"; sourceTree = "<group>"; };
		158A3EE229D7047D002324A4 /* MyList+CoreDataProperties.swift */ = {isa = PBXFileReference; lastKnownFileType = sourcecode.swift; path = "MyList+CoreDataProperties.swift"; sourceTree = "<group>"; };
		158A3EE529D705C6002324A4 /* AddNewListView.swift */ = {isa = PBXFileReference; lastKnownFileType = sourcecode.swift; path = AddNewListView.swift; sourceTree = "<group>"; };
		158A3EE729D70745002324A4 /* ColorPickerView.swift */ = {isa = PBXFileReference; lastKnownFileType = sourcecode.swift; path = ColorPickerView.swift; sourceTree = "<group>"; };
/* End PBXFileReference section */

/* Begin PBXFrameworksBuildPhase section */
		158A3EC529D6F310002324A4 /* Frameworks */ = {
			isa = PBXFrameworksBuildPhase;
			buildActionMask = 2147483647;
			files = (
			);
			runOnlyForDeploymentPostprocessing = 0;
		};
/* End PBXFrameworksBuildPhase section */

/* Begin PBXGroup section */
		156FBF6329D715CB001E81DA /* Services */ = {
			isa = PBXGroup;
			children = (
				156FBF6429D715E3001E81DA /* ReminderService.swift */,
			);
			path = Services;
			sourceTree = "<group>";
		};
		156FBF6629D716EE001E81DA /* Transformers */ = {
			isa = PBXGroup;
			children = (
				156FBF6729D71700001E81DA /* UIColorTransformer.swift */,
			);
			path = Transformers;
			sourceTree = "<group>";
		};
		158A3EBF29D6F310002324A4 = {
			isa = PBXGroup;
			children = (
				158A3ECA29D6F310002324A4 /* Reminder */,
				158A3EC929D6F310002324A4 /* Products */,
			);
			sourceTree = "<group>";
		};
		158A3EC929D6F310002324A4 /* Products */ = {
			isa = PBXGroup;
			children = (
				158A3EC829D6F310002324A4 /* Reminder.app */,
			);
			name = Products;
			sourceTree = "<group>";
		};
		158A3ECA29D6F310002324A4 /* Reminder */ = {
			isa = PBXGroup;
			children = (
				158A3ED929D6F32F002324A4 /* Providers */,
				156FBF6629D716EE001E81DA /* Transformers */,
				156FBF6329D715CB001E81DA /* Services */,
				158A3EE429D70576002324A4 /* Views */,
				158A3EDF29D7044F002324A4 /* Models */,
				158A3ECB29D6F310002324A4 /* ReminderApp.swift */,
				158A3ECF29D6F312002324A4 /* Assets.xcassets */,
				158A3ED129D6F312002324A4 /* Preview Content */,
				158A3EDC29D6F44A002324A4 /* RemindersModel.xcdatamodeld */,
			);
			path = Reminder;
			sourceTree = "<group>";
		};
		158A3ED129D6F312002324A4 /* Preview Content */ = {
			isa = PBXGroup;
			children = (
				158A3ED229D6F312002324A4 /* Preview Assets.xcassets */,
				156FBF6D29D72061001E81DA /* PreviewData.swift */,
			);
			path = "Preview Content";
			sourceTree = "<group>";
		};
		158A3ED929D6F32F002324A4 /* Providers */ = {
			isa = PBXGroup;
			children = (
				158A3EDA29D6F342002324A4 /* CoreDataProvide.swift */,
			);
			path = Providers;
			sourceTree = "<group>";
		};
		158A3EDF29D7044F002324A4 /* Models */ = {
			isa = PBXGroup;
			children = (
				158A3EE029D7046B002324A4 /* MyList+CoreDataClass.swift */,
				158A3EE229D7047D002324A4 /* MyList+CoreDataProperties.swift */,
			);
			path = Models;
			sourceTree = "<group>";
		};
		158A3EE429D70576002324A4 /* Views */ = {
			isa = PBXGroup;
			children = (
				158A3ECD29D6F310002324A4 /* HomeView.swift */,
				158A3EE529D705C6002324A4 /* AddNewListView.swift */,
				158A3EE729D70745002324A4 /* ColorPickerView.swift */,
				156FBF6929D71F43001E81DA /* MyListView.swift */,
				156FBF6B29D72030001E81DA /* MyListCellView.swift */,
			);
			path = Views;
			sourceTree = "<group>";
		};
/* End PBXGroup section */

/* Begin PBXNativeTarget section */
		158A3EC729D6F310002324A4 /* Reminder */ = {
			isa = PBXNativeTarget;
			buildConfigurationList = 158A3ED629D6F312002324A4 /* Build configuration list for PBXNativeTarget "Reminder" */;
			buildPhases = (
				158A3EC429D6F310002324A4 /* Sources */,
				158A3EC529D6F310002324A4 /* Frameworks */,
				158A3EC629D6F310002324A4 /* Resources */,
			);
			buildRules = (
			);
			dependencies = (
			);
			name = Reminder;
			productName = Reminder;
			productReference = 158A3EC829D6F310002324A4 /* Reminder.app */;
			productType = "com.apple.product-type.application";
		};
/* End PBXNativeTarget section */

/* Begin PBXProject section */
		158A3EC029D6F310002324A4 /* Project object */ = {
			isa = PBXProject;
			attributes = {
				BuildIndependentTargetsInParallel = 1;
				LastSwiftUpdateCheck = 1430;
				LastUpgradeCheck = 1430;
				TargetAttributes = {
					158A3EC729D6F310002324A4 = {
						CreatedOnToolsVersion = 14.3;
					};
				};
			};
			buildConfigurationList = 158A3EC329D6F310002324A4 /* Build configuration list for PBXProject "Reminder" */;
			compatibilityVersion = "Xcode 14.0";
			developmentRegion = en;
			hasScannedForEncodings = 0;
			knownRegions = (
				en,
				Base,
			);
			mainGroup = 158A3EBF29D6F310002324A4;
			productRefGroup = 158A3EC929D6F310002324A4 /* Products */;
			projectDirPath = "";
			projectRoot = "";
			targets = (
				158A3EC729D6F310002324A4 /* Reminder */,
			);
		};
/* End PBXProject section */

/* Begin PBXResourcesBuildPhase section */
		158A3EC629D6F310002324A4 /* Resources */ = {
			isa = PBXResourcesBuildPhase;
			buildActionMask = 2147483647;
			files = (
				158A3ED329D6F312002324A4 /* Preview Assets.xcassets in Resources */,
				158A3ED029D6F312002324A4 /* Assets.xcassets in Resources */,
			);
			runOnlyForDeploymentPostprocessing = 0;
		};
/* End PBXResourcesBuildPhase section */

/* Begin PBXSourcesBuildPhase section */
		158A3EC429D6F310002324A4 /* Sources */ = {
			isa = PBXSourcesBuildPhase;
			buildActionMask = 2147483647;
			files = (
				156FBF6C29D72030001E81DA /* MyListCellView.swift in Sources */,
				158A3EE829D70745002324A4 /* ColorPickerView.swift in Sources */,
				158A3EDB29D6F342002324A4 /* CoreDataProvide.swift in Sources */,
				158A3EDE29D6F44A002324A4 /* RemindersModel.xcdatamodeld in Sources */,
				156FBF6E29D72061001E81DA /* PreviewData.swift in Sources */,
				156FBF6829D71700001E81DA /* UIColorTransformer.swift in Sources */,
				158A3ECE29D6F310002324A4 /* HomeView.swift in Sources */,
				158A3EE329D7047D002324A4 /* MyList+CoreDataProperties.swift in Sources */,
				158A3EE629D705C6002324A4 /* AddNewListView.swift in Sources */,
				158A3EE129D7046B002324A4 /* MyList+CoreDataClass.swift in Sources */,
				158A3ECC29D6F310002324A4 /* ReminderApp.swift in Sources */,
				156FBF6A29D71F43001E81DA /* MyListView.swift in Sources */,
				156FBF6529D715E3001E81DA /* ReminderService.swift in Sources */,
			);
			runOnlyForDeploymentPostprocessing = 0;
		};
/* End PBXSourcesBuildPhase section */

/* Begin XCBuildConfiguration section */
		158A3ED429D6F312002324A4 /* Debug */ = {
			isa = XCBuildConfiguration;
			buildSettings = {
				ALWAYS_SEARCH_USER_PATHS = NO;
				CLANG_ANALYZER_NONNULL = YES;
				CLANG_ANALYZER_NUMBER_OBJECT_CONVERSION = YES_AGGRESSIVE;
				CLANG_CXX_LANGUAGE_STANDARD = "gnu++20";
				CLANG_ENABLE_MODULES = YES;
				CLANG_ENABLE_OBJC_ARC = YES;
				CLANG_ENABLE_OBJC_WEAK = YES;
				CLANG_WARN_BLOCK_CAPTURE_AUTORELEASING = YES;
				CLANG_WARN_BOOL_CONVERSION = YES;
				CLANG_WARN_COMMA = YES;
				CLANG_WARN_CONSTANT_CONVERSION = YES;
				CLANG_WARN_DEPRECATED_OBJC_IMPLEMENTATIONS = YES;
				CLANG_WARN_DIRECT_OBJC_ISA_USAGE = YES_ERROR;
				CLANG_WARN_DOCUMENTATION_COMMENTS = YES;
				CLANG_WARN_EMPTY_BODY = YES;
				CLANG_WARN_ENUM_CONVERSION = YES;
				CLANG_WARN_INFINITE_RECURSION = YES;
				CLANG_WARN_INT_CONVERSION = YES;
				CLANG_WARN_NON_LITERAL_NULL_CONVERSION = YES;
				CLANG_WARN_OBJC_IMPLICIT_RETAIN_SELF = YES;
				CLANG_WARN_OBJC_LITERAL_CONVERSION = YES;
				CLANG_WARN_OBJC_ROOT_CLASS = YES_ERROR;
				CLANG_WARN_QUOTED_INCLUDE_IN_FRAMEWORK_HEADER = YES;
				CLANG_WARN_RANGE_LOOP_ANALYSIS = YES;
				CLANG_WARN_STRICT_PROTOTYPES = YES;
				CLANG_WARN_SUSPICIOUS_MOVE = YES;
				CLANG_WARN_UNGUARDED_AVAILABILITY = YES_AGGRESSIVE;
				CLANG_WARN_UNREACHABLE_CODE = YES;
				CLANG_WARN__DUPLICATE_METHOD_MATCH = YES;
				COPY_PHASE_STRIP = NO;
				DEBUG_INFORMATION_FORMAT = dwarf;
				ENABLE_STRICT_OBJC_MSGSEND = YES;
				ENABLE_TESTABILITY = YES;
				GCC_C_LANGUAGE_STANDARD = gnu11;
				GCC_DYNAMIC_NO_PIC = NO;
				GCC_NO_COMMON_BLOCKS = YES;
				GCC_OPTIMIZATION_LEVEL = 0;
				GCC_PREPROCESSOR_DEFINITIONS = (
					"DEBUG=1",
					"$(inherited)",
				);
				GCC_WARN_64_TO_32_BIT_CONVERSION = YES;
				GCC_WARN_ABOUT_RETURN_TYPE = YES_ERROR;
				GCC_WARN_UNDECLARED_SELECTOR = YES;
				GCC_WARN_UNINITIALIZED_AUTOS = YES_AGGRESSIVE;
				GCC_WARN_UNUSED_FUNCTION = YES;
				GCC_WARN_UNUSED_VARIABLE = YES;
				IPHONEOS_DEPLOYMENT_TARGET = 16.4;
				MTL_ENABLE_DEBUG_INFO = INCLUDE_SOURCE;
				MTL_FAST_MATH = YES;
				ONLY_ACTIVE_ARCH = YES;
				SDKROOT = iphoneos;
				SWIFT_ACTIVE_COMPILATION_CONDITIONS = DEBUG;
				SWIFT_OPTIMIZATION_LEVEL = "-Onone";
			};
			name = Debug;
		};
		158A3ED529D6F312002324A4 /* Release */ = {
			isa = XCBuildConfiguration;
			buildSettings = {
				ALWAYS_SEARCH_USER_PATHS = NO;
				CLANG_ANALYZER_NONNULL = YES;
				CLANG_ANALYZER_NUMBER_OBJECT_CONVERSION = YES_AGGRESSIVE;
				CLANG_CXX_LANGUAGE_STANDARD = "gnu++20";
				CLANG_ENABLE_MODULES = YES;
				CLANG_ENABLE_OBJC_ARC = YES;
				CLANG_ENABLE_OBJC_WEAK = YES;
				CLANG_WARN_BLOCK_CAPTURE_AUTORELEASING = YES;
				CLANG_WARN_BOOL_CONVERSION = YES;
				CLANG_WARN_COMMA = YES;
				CLANG_WARN_CONSTANT_CONVERSION = YES;
				CLANG_WARN_DEPRECATED_OBJC_IMPLEMENTATIONS = YES;
				CLANG_WARN_DIRECT_OBJC_ISA_USAGE = YES_ERROR;
				CLANG_WARN_DOCUMENTATION_COMMENTS = YES;
				CLANG_WARN_EMPTY_BODY = YES;
				CLANG_WARN_ENUM_CONVERSION = YES;
				CLANG_WARN_INFINITE_RECURSION = YES;
				CLANG_WARN_INT_CONVERSION = YES;
				CLANG_WARN_NON_LITERAL_NULL_CONVERSION = YES;
				CLANG_WARN_OBJC_IMPLICIT_RETAIN_SELF = YES;
				CLANG_WARN_OBJC_LITERAL_CONVERSION = YES;
				CLANG_WARN_OBJC_ROOT_CLASS = YES_ERROR;
				CLANG_WARN_QUOTED_INCLUDE_IN_FRAMEWORK_HEADER = YES;
				CLANG_WARN_RANGE_LOOP_ANALYSIS = YES;
				CLANG_WARN_STRICT_PROTOTYPES = YES;
				CLANG_WARN_SUSPICIOUS_MOVE = YES;
				CLANG_WARN_UNGUARDED_AVAILABILITY = YES_AGGRESSIVE;
				CLANG_WARN_UNREACHABLE_CODE = YES;
				CLANG_WARN__DUPLICATE_METHOD_MATCH = YES;
				COPY_PHASE_STRIP = NO;
				DEBUG_INFORMATION_FORMAT = "dwarf-with-dsym";
				ENABLE_NS_ASSERTIONS = NO;
				ENABLE_STRICT_OBJC_MSGSEND = YES;
				GCC_C_LANGUAGE_STANDARD = gnu11;
				GCC_NO_COMMON_BLOCKS = YES;
				GCC_WARN_64_TO_32_BIT_CONVERSION = YES;
				GCC_WARN_ABOUT_RETURN_TYPE = YES_ERROR;
				GCC_WARN_UNDECLARED_SELECTOR = YES;
				GCC_WARN_UNINITIALIZED_AUTOS = YES_AGGRESSIVE;
				GCC_WARN_UNUSED_FUNCTION = YES;
				GCC_WARN_UNUSED_VARIABLE = YES;
				IPHONEOS_DEPLOYMENT_TARGET = 16.4;
				MTL_ENABLE_DEBUG_INFO = NO;
				MTL_FAST_MATH = YES;
				SDKROOT = iphoneos;
				SWIFT_COMPILATION_MODE = wholemodule;
				SWIFT_OPTIMIZATION_LEVEL = "-O";
				VALIDATE_PRODUCT = YES;
			};
			name = Release;
		};
		158A3ED729D6F312002324A4 /* Debug */ = {
			isa = XCBuildConfiguration;
			buildSettings = {
				ASSETCATALOG_COMPILER_APPICON_NAME = AppIcon;
				ASSETCATALOG_COMPILER_GLOBAL_ACCENT_COLOR_NAME = AccentColor;
				CODE_SIGN_STYLE = Automatic;
				CURRENT_PROJECT_VERSION = 1;
				DEVELOPMENT_ASSET_PATHS = "\"Reminder/Preview Content\"";
				DEVELOPMENT_TEAM = 3X884PBRG2;
				ENABLE_PREVIEWS = YES;
				GENERATE_INFOPLIST_FILE = YES;
				INFOPLIST_KEY_UIApplicationSceneManifest_Generation = YES;
				INFOPLIST_KEY_UIApplicationSupportsIndirectInputEvents = YES;
				INFOPLIST_KEY_UILaunchScreen_Generation = YES;
				INFOPLIST_KEY_UISupportedInterfaceOrientations = UIInterfaceOrientationPortrait;
				INFOPLIST_KEY_UISupportedInterfaceOrientations_iPad = "UIInterfaceOrientationLandscapeLeft UIInterfaceOrientationLandscapeRight UIInterfaceOrientationPortrait";
				LD_RUNPATH_SEARCH_PATHS = (
					"$(inherited)",
					"@executable_path/Frameworks",
				);
				MARKETING_VERSION = 1.0;
				PRODUCT_BUNDLE_IDENTIFIER = com.karlis.Reminder;
				PRODUCT_NAME = "$(TARGET_NAME)";
				SUPPORTED_PLATFORMS = "iphoneos iphonesimulator";
				SUPPORTS_MACCATALYST = NO;
				SUPPORTS_MAC_DESIGNED_FOR_IPHONE_IPAD = NO;
				SWIFT_EMIT_LOC_STRINGS = YES;
				SWIFT_VERSION = 5.0;
				TARGETED_DEVICE_FAMILY = "1,2";
			};
			name = Debug;
		};
		158A3ED829D6F312002324A4 /* Release */ = {
			isa = XCBuildConfiguration;
			buildSettings = {
				ASSETCATALOG_COMPILER_APPICON_NAME = AppIcon;
				ASSETCATALOG_COMPILER_GLOBAL_ACCENT_COLOR_NAME = AccentColor;
				CODE_SIGN_STYLE = Automatic;
				CURRENT_PROJECT_VERSION = 1;
				DEVELOPMENT_ASSET_PATHS = "\"Reminder/Preview Content\"";
				DEVELOPMENT_TEAM = 3X884PBRG2;
				ENABLE_PREVIEWS = YES;
				GENERATE_INFOPLIST_FILE = YES;
				INFOPLIST_KEY_UIApplicationSceneManifest_Generation = YES;
				INFOPLIST_KEY_UIApplicationSupportsIndirectInputEvents = YES;
				INFOPLIST_KEY_UILaunchScreen_Generation = YES;
				INFOPLIST_KEY_UISupportedInterfaceOrientations = UIInterfaceOrientationPortrait;
				INFOPLIST_KEY_UISupportedInterfaceOrientations_iPad = "UIInterfaceOrientationLandscapeLeft UIInterfaceOrientationLandscapeRight UIInterfaceOrientationPortrait";
				LD_RUNPATH_SEARCH_PATHS = (
					"$(inherited)",
					"@executable_path/Frameworks",
				);
				MARKETING_VERSION = 1.0;
				PRODUCT_BUNDLE_IDENTIFIER = com.karlis.Reminder;
				PRODUCT_NAME = "$(TARGET_NAME)";
				SUPPORTED_PLATFORMS = "iphoneos iphonesimulator";
				SUPPORTS_MACCATALYST = NO;
				SUPPORTS_MAC_DESIGNED_FOR_IPHONE_IPAD = NO;
				SWIFT_EMIT_LOC_STRINGS = YES;
				SWIFT_VERSION = 5.0;
				TARGETED_DEVICE_FAMILY = "1,2";
			};
			name = Release;
		};
/* End XCBuildConfiguration section */

/* Begin XCConfigurationList section */
		158A3EC329D6F310002324A4 /* Build configuration list for PBXProject "Reminder" */ = {
			isa = XCConfigurationList;
			buildConfigurations = (
				158A3ED429D6F312002324A4 /* Debug */,
				158A3ED529D6F312002324A4 /* Release */,
			);
			defaultConfigurationIsVisible = 0;
			defaultConfigurationName = Release;
		};
		158A3ED629D6F312002324A4 /* Build configuration list for PBXNativeTarget "Reminder" */ = {
			isa = XCConfigurationList;
			buildConfigurations = (
				158A3ED729D6F312002324A4 /* Debug */,
				158A3ED829D6F312002324A4 /* Release */,
			);
			defaultConfigurationIsVisible = 0;
			defaultConfigurationName = Release;
		};
/* End XCConfigurationList section */

/* Begin XCVersionGroup section */
		158A3EDC29D6F44A002324A4 /* RemindersModel.xcdatamodeld */ = {
			isa = XCVersionGroup;
			children = (
				158A3EDD29D6F44A002324A4 /* RemindersModel.xcdatamodel */,
			);
			currentVersion = 158A3EDD29D6F44A002324A4 /* RemindersModel.xcdatamodel */;
			path = RemindersModel.xcdatamodeld;
			sourceTree = "<group>";
			versionGroupType = wrapper.xcdatamodel;
		};
/* End XCVersionGroup section */
	};
	rootObject = 158A3EC029D6F310002324A4 /* Project object */;
}
